
Microsoft Visual Studio Solution File, Format Version 12.00
# Visual Studio 15
VisualStudioVersion = 15.0.28307.438
MinimumVisualStudioVersion = 10.0.40219.1
Project("{FAE04EC0-301F-11D3-BF4B-00C04F79EFBC}") = "bai_1", "bai_1\bai_1.csproj", "{8F71AA39-E7E7-409C-9C5F-4B546CD4BFE2}"
EndProject
Project("{FAE04EC0-301F-11D3-BF4B-00C04F79EFBC}") = "bai_2", "bai_2\bai_2.csproj", "{82DE35D1-0E29-433A-B17A-6C364224E5E1}"
EndProject
Project("{FAE04EC0-301F-11D3-BF4B-00C04F79EFBC}") = "bai_3", "bai_3\bai_3.csproj", "{3E66916F-5583-4962-89A8-21F6163E17B2}"
EndProject
Project("{FAE04EC0-301F-11D3-BF4B-00C04F79EFBC}") = "bai_4", "bai_4\bai_4.csproj", "{2C49D033-5063-4A62-BD45-2A9D4AC32582}"
EndProject
Project("{FAE04EC0-301F-11D3-BF4B-00C04F79EFBC}") = "bai_5", "bai_5\bai_5.csproj", "{82E94074-FB7F-4436-A491-7FA4E9C6CEC4}"
EndProject
Global
	GlobalSection(SolutionConfigurationPlatforms) = preSolution
		Debug|Any CPU = Debug|Any CPU
		Release|Any CPU = Release|Any CPU
	EndGlobalSection
	GlobalSection(ProjectConfigurationPlatforms) = postSolution
		{8F71AA39-E7E7-409C-9C5F-4B546CD4BFE2}.Debug|Any CPU.ActiveCfg = Debug|Any CPU
		{8F71AA39-E7E7-409C-9C5F-4B546CD4BFE2}.Debug|Any CPU.Build.0 = Debug|Any CPU
		{8F71AA39-E7E7-409C-9C5F-4B546CD4BFE2}.Release|Any CPU.ActiveCfg = Release|Any CPU
		{8F71AA39-E7E7-409C-9C5F-4B546CD4BFE2}.Release|Any CPU.Build.0 = Release|Any CPU
		{82DE35D1-0E29-433A-B17A-6C364224E5E1}.Debug|Any CPU.ActiveCfg = Debug|Any CPU
		{82DE35D1-0E29-433A-B17A-6C364224E5E1}.Debug|Any CPU.Build.0 = Debug|Any CPU
		{82DE35D1-0E29-433A-B17A-6C364224E5E1}.Release|Any CPU.ActiveCfg = Release|Any CPU
		{82DE35D1-0E29-433A-B17A-6C364224E5E1}.Release|Any CPU.Build.0 = Release|Any CPU
		{3E66916F-5583-4962-89A8-21F6163E17B2}.Debug|Any CPU.ActiveCfg = Debug|Any CPU
		{3E66916F-5583-4962-89A8-21F6163E17B2}.Debug|Any CPU.Build.0 = Debug|Any CPU
		{3E66916F-5583-4962-89A8-21F6163E17B2}.Release|Any CPU.ActiveCfg = Release|Any CPU
		{3E66916F-5583-4962-89A8-21F6163E17B2}.Release|Any CPU.Build.0 = Release|Any CPU
		{2C49D033-5063-4A62-BD45-2A9D4AC32582}.Debug|Any CPU.ActiveCfg = Debug|Any CPU
		{2C49D033-5063-4A62-BD45-2A9D4AC32582}.Debug|Any CPU.Build.0 = Debug|Any CPU
		{2C49D033-5063-4A62-BD45-2A9D4AC32582}.Release|Any CPU.ActiveCfg = Release|Any CPU
		{2C49D033-5063-4A62-BD45-2A9D4AC32582}.Release|Any CPU.Build.0 = Release|Any CPU
		{82E94074-FB7F-4436-A491-7FA4E9C6CEC4}.Debug|Any CPU.ActiveCfg = Debug|Any CPU
		{82E94074-FB7F-4436-A491-7FA4E9C6CEC4}.Debug|Any CPU.Build.0 = Debug|Any CPU
		{82E94074-FB7F-4436-A491-7FA4E9C6CEC4}.Release|Any CPU.ActiveCfg = Release|Any CPU
		{82E94074-FB7F-4436-A491-7FA4E9C6CEC4}.Release|Any CPU.Build.0 = Release|Any CPU
	EndGlobalSection
	GlobalSection(SolutionProperties) = preSolution
		HideSolutionNode = FALSE
	EndGlobalSection
	GlobalSection(ExtensibilityGlobals) = postSolution
		SolutionGuid = {F0A9C998-E09E-495E-A5CB-D49B020C323C}
	EndGlobalSection
EndGlobal
