
Microsoft Visual Studio Solution File, Format Version 12.00
# Visual Studio 14
VisualStudioVersion = 14.0.25420.1
MinimumVisualStudioVersion = 10.0.40219.1
Project("{FAE04EC0-301F-11D3-BF4B-00C04F79EFBC}") = "bai_1", "bai_1\bai_1.csproj", "{2914B451-1976-4653-862F-3CC81DDEC1CE}"
EndProject
Project("{FAE04EC0-301F-11D3-BF4B-00C04F79EFBC}") = "TestCoor", "TestCoor\TestCoor.csproj", "{FA118754-8671-4338-9B99-86927EDBEB39}"
EndProject
Global
	GlobalSection(SolutionConfigurationPlatforms) = preSolution
		Debug|Any CPU = Debug|Any CPU
		Release|Any CPU = Release|Any CPU
	EndGlobalSection
	GlobalSection(ProjectConfigurationPlatforms) = postSolution
		{2914B451-1976-4653-862F-3CC81DDEC1CE}.Debug|Any CPU.ActiveCfg = Debug|Any CPU
		{2914B451-1976-4653-862F-3CC81DDEC1CE}.Debug|Any CPU.Build.0 = Debug|Any CPU
		{2914B451-1976-4653-862F-3CC81DDEC1CE}.Release|Any CPU.ActiveCfg = Release|Any CPU
		{2914B451-1976-4653-862F-3CC81DDEC1CE}.Release|Any CPU.Build.0 = Release|Any CPU
		{FA118754-8671-4338-9B99-86927EDBEB39}.Debug|Any CPU.ActiveCfg = Debug|Any CPU
		{FA118754-8671-4338-9B99-86927EDBEB39}.Debug|Any CPU.Build.0 = Debug|Any CPU
		{FA118754-8671-4338-9B99-86927EDBEB39}.Release|Any CPU.ActiveCfg = Release|Any CPU
		{FA118754-8671-4338-9B99-86927EDBEB39}.Release|Any CPU.Build.0 = Release|Any CPU
	EndGlobalSection
	GlobalSection(SolutionProperties) = preSolution
		HideSolutionNode = FALSE
	EndGlobalSection
EndGlobal
