
Microsoft Visual Studio Solution File, Format Version 12.00
# Visual Studio 2013
VisualStudioVersion = 12.0.40629.0
MinimumVisualStudioVersion = 10.0.40219.1
Project("{FAE04EC0-301F-11D3-BF4B-00C04F79EFBC}") = "Bai01", "Bai01\Bai01.csproj", "{25E68BD5-4CDB-4F4F-90DA-1E63DC5B9419}"
EndProject
Project("{FAE04EC0-301F-11D3-BF4B-00C04F79EFBC}") = "Bai02", "Bai02\Bai02.csproj", "{BD981A7D-92D8-41FE-ADDF-1856E9D89AEF}"
EndProject
Project("{FAE04EC0-301F-11D3-BF4B-00C04F79EFBC}") = "Bai03", "Bai03\Bai03.csproj", "{2E251D65-D5A1-48D3-B8CB-8AF6BE5720B8}"
EndProject
Project("{FAE04EC0-301F-11D3-BF4B-00C04F79EFBC}") = "Bai04", "Bai04\Bai04.csproj", "{5F557535-7944-48E5-AA12-36BD231EE3A3}"
EndProject
Project("{FAE04EC0-301F-11D3-BF4B-00C04F79EFBC}") = "Bai05", "Bai05\Bai05.csproj", "{6F9C436C-AF23-411E-97D8-0985E2017E61}"
EndProject
Project("{FAE04EC0-301F-11D3-BF4B-00C04F79EFBC}") = "Bai06", "Bai06\Bai06.csproj", "{16A5FFB1-AD8B-4E9F-AEA4-07B471E90FE6}"
EndProject
Project("{FAE04EC0-301F-11D3-BF4B-00C04F79EFBC}") = "Bai07", "Bai07\Bai07.csproj", "{0EC35FFB-2372-4021-976C-6CAE2B490435}"
EndProject
Project("{FAE04EC0-301F-11D3-BF4B-00C04F79EFBC}") = "Bai08", "Bai08\Bai08.csproj", "{1BF8F2D3-F9D6-4746-9680-2AA7761FF6FC}"
EndProject
Project("{FAE04EC0-301F-11D3-BF4B-00C04F79EFBC}") = "Bai09", "Bai09\Bai09.csproj", "{3D100EA3-419E-47E8-8D6C-63FEB0D39CA7}"
EndProject
Project("{FAE04EC0-301F-11D3-BF4B-00C04F79EFBC}") = "Bai10", "Bai10\Bai10.csproj", "{B24E073C-3BE9-4CA5-A235-5CD8A845EB9E}"
EndProject
Project("{FAE04EC0-301F-11D3-BF4B-00C04F79EFBC}") = "Bai11", "Bai11\Bai11.csproj", "{55427282-984F-4A55-87AB-EE853A62D251}"
EndProject
Project("{FAE04EC0-301F-11D3-BF4B-00C04F79EFBC}") = "Bai12", "Bai12\Bai12.csproj", "{00B6E41C-8449-42BB-8DAA-FF85C0C3412C}"
EndProject
Project("{FAE04EC0-301F-11D3-BF4B-00C04F79EFBC}") = "Bai13", "Bai13\Bai13.csproj", "{FC921DC5-1C6E-46BA-A5B8-16574D340C5B}"
EndProject
Global
	GlobalSection(SolutionConfigurationPlatforms) = preSolution
		Debug|Any CPU = Debug|Any CPU
		Release|Any CPU = Release|Any CPU
	EndGlobalSection
	GlobalSection(ProjectConfigurationPlatforms) = postSolution
		{25E68BD5-4CDB-4F4F-90DA-1E63DC5B9419}.Debug|Any CPU.ActiveCfg = Debug|Any CPU
		{25E68BD5-4CDB-4F4F-90DA-1E63DC5B9419}.Debug|Any CPU.Build.0 = Debug|Any CPU
		{25E68BD5-4CDB-4F4F-90DA-1E63DC5B9419}.Release|Any CPU.ActiveCfg = Release|Any CPU
		{25E68BD5-4CDB-4F4F-90DA-1E63DC5B9419}.Release|Any CPU.Build.0 = Release|Any CPU
		{BD981A7D-92D8-41FE-ADDF-1856E9D89AEF}.Debug|Any CPU.ActiveCfg = Debug|Any CPU
		{BD981A7D-92D8-41FE-ADDF-1856E9D89AEF}.Debug|Any CPU.Build.0 = Debug|Any CPU
		{BD981A7D-92D8-41FE-ADDF-1856E9D89AEF}.Release|Any CPU.ActiveCfg = Release|Any CPU
		{BD981A7D-92D8-41FE-ADDF-1856E9D89AEF}.Release|Any CPU.Build.0 = Release|Any CPU
		{2E251D65-D5A1-48D3-B8CB-8AF6BE5720B8}.Debug|Any CPU.ActiveCfg = Debug|Any CPU
		{2E251D65-D5A1-48D3-B8CB-8AF6BE5720B8}.Debug|Any CPU.Build.0 = Debug|Any CPU
		{2E251D65-D5A1-48D3-B8CB-8AF6BE5720B8}.Release|Any CPU.ActiveCfg = Release|Any CPU
		{2E251D65-D5A1-48D3-B8CB-8AF6BE5720B8}.Release|Any CPU.Build.0 = Release|Any CPU
		{5F557535-7944-48E5-AA12-36BD231EE3A3}.Debug|Any CPU.ActiveCfg = Debug|Any CPU
		{5F557535-7944-48E5-AA12-36BD231EE3A3}.Debug|Any CPU.Build.0 = Debug|Any CPU
		{5F557535-7944-48E5-AA12-36BD231EE3A3}.Release|Any CPU.ActiveCfg = Release|Any CPU
		{5F557535-7944-48E5-AA12-36BD231EE3A3}.Release|Any CPU.Build.0 = Release|Any CPU
		{6F9C436C-AF23-411E-97D8-0985E2017E61}.Debug|Any CPU.ActiveCfg = Debug|Any CPU
		{6F9C436C-AF23-411E-97D8-0985E2017E61}.Debug|Any CPU.Build.0 = Debug|Any CPU
		{6F9C436C-AF23-411E-97D8-0985E2017E61}.Release|Any CPU.ActiveCfg = Release|Any CPU
		{6F9C436C-AF23-411E-97D8-0985E2017E61}.Release|Any CPU.Build.0 = Release|Any CPU
		{16A5FFB1-AD8B-4E9F-AEA4-07B471E90FE6}.Debug|Any CPU.ActiveCfg = Debug|Any CPU
		{16A5FFB1-AD8B-4E9F-AEA4-07B471E90FE6}.Debug|Any CPU.Build.0 = Debug|Any CPU
		{16A5FFB1-AD8B-4E9F-AEA4-07B471E90FE6}.Release|Any CPU.ActiveCfg = Release|Any CPU
		{16A5FFB1-AD8B-4E9F-AEA4-07B471E90FE6}.Release|Any CPU.Build.0 = Release|Any CPU
		{0EC35FFB-2372-4021-976C-6CAE2B490435}.Debug|Any CPU.ActiveCfg = Debug|Any CPU
		{0EC35FFB-2372-4021-976C-6CAE2B490435}.Debug|Any CPU.Build.0 = Debug|Any CPU
		{0EC35FFB-2372-4021-976C-6CAE2B490435}.Release|Any CPU.ActiveCfg = Release|Any CPU
		{0EC35FFB-2372-4021-976C-6CAE2B490435}.Release|Any CPU.Build.0 = Release|Any CPU
		{1BF8F2D3-F9D6-4746-9680-2AA7761FF6FC}.Debug|Any CPU.ActiveCfg = Debug|Any CPU
		{1BF8F2D3-F9D6-4746-9680-2AA7761FF6FC}.Debug|Any CPU.Build.0 = Debug|Any CPU
		{1BF8F2D3-F9D6-4746-9680-2AA7761FF6FC}.Release|Any CPU.ActiveCfg = Release|Any CPU
		{1BF8F2D3-F9D6-4746-9680-2AA7761FF6FC}.Release|Any CPU.Build.0 = Release|Any CPU
		{3D100EA3-419E-47E8-8D6C-63FEB0D39CA7}.Debug|Any CPU.ActiveCfg = Debug|Any CPU
		{3D100EA3-419E-47E8-8D6C-63FEB0D39CA7}.Debug|Any CPU.Build.0 = Debug|Any CPU
		{3D100EA3-419E-47E8-8D6C-63FEB0D39CA7}.Release|Any CPU.ActiveCfg = Release|Any CPU
		{3D100EA3-419E-47E8-8D6C-63FEB0D39CA7}.Release|Any CPU.Build.0 = Release|Any CPU
		{B24E073C-3BE9-4CA5-A235-5CD8A845EB9E}.Debug|Any CPU.ActiveCfg = Debug|Any CPU
		{B24E073C-3BE9-4CA5-A235-5CD8A845EB9E}.Debug|Any CPU.Build.0 = Debug|Any CPU
		{B24E073C-3BE9-4CA5-A235-5CD8A845EB9E}.Release|Any CPU.ActiveCfg = Release|Any CPU
		{B24E073C-3BE9-4CA5-A235-5CD8A845EB9E}.Release|Any CPU.Build.0 = Release|Any CPU
		{55427282-984F-4A55-87AB-EE853A62D251}.Debug|Any CPU.ActiveCfg = Debug|Any CPU
		{55427282-984F-4A55-87AB-EE853A62D251}.Debug|Any CPU.Build.0 = Debug|Any CPU
		{55427282-984F-4A55-87AB-EE853A62D251}.Release|Any CPU.ActiveCfg = Release|Any CPU
		{55427282-984F-4A55-87AB-EE853A62D251}.Release|Any CPU.Build.0 = Release|Any CPU
		{00B6E41C-8449-42BB-8DAA-FF85C0C3412C}.Debug|Any CPU.ActiveCfg = Debug|Any CPU
		{00B6E41C-8449-42BB-8DAA-FF85C0C3412C}.Debug|Any CPU.Build.0 = Debug|Any CPU
		{00B6E41C-8449-42BB-8DAA-FF85C0C3412C}.Release|Any CPU.ActiveCfg = Release|Any CPU
		{00B6E41C-8449-42BB-8DAA-FF85C0C3412C}.Release|Any CPU.Build.0 = Release|Any CPU
		{FC921DC5-1C6E-46BA-A5B8-16574D340C5B}.Debug|Any CPU.ActiveCfg = Debug|Any CPU
		{FC921DC5-1C6E-46BA-A5B8-16574D340C5B}.Debug|Any CPU.Build.0 = Debug|Any CPU
		{FC921DC5-1C6E-46BA-A5B8-16574D340C5B}.Release|Any CPU.ActiveCfg = Release|Any CPU
		{FC921DC5-1C6E-46BA-A5B8-16574D340C5B}.Release|Any CPU.Build.0 = Release|Any CPU
	EndGlobalSection
	GlobalSection(SolutionProperties) = preSolution
		HideSolutionNode = FALSE
	EndGlobalSection
EndGlobal
