
Microsoft Visual Studio Solution File, Format Version 12.00
# Visual Studio 15
VisualStudioVersion = 15.0.28307.902
MinimumVisualStudioVersion = 10.0.40219.1
Project("{FAE04EC0-301F-11D3-BF4B-00C04F79EFBC}") = "1760273", "1760273\1760273.csproj", "{AEC9765D-C7DA-4A2A-BE54-1C1ABDD522BE}"
EndProject
Global
	GlobalSection(SolutionConfigurationPlatforms) = preSolution
		Debug|Any CPU = Debug|Any CPU
		Release|Any CPU = Release|Any CPU
	EndGlobalSection
	GlobalSection(ProjectConfigurationPlatforms) = postSolution
		{AEC9765D-C7DA-4A2A-BE54-1C1ABDD522BE}.Debug|Any CPU.ActiveCfg = Debug|Any CPU
		{AEC9765D-C7DA-4A2A-BE54-1C1ABDD522BE}.Debug|Any CPU.Build.0 = Debug|Any CPU
		{AEC9765D-C7DA-4A2A-BE54-1C1ABDD522BE}.Release|Any CPU.ActiveCfg = Release|Any CPU
		{AEC9765D-C7DA-4A2A-BE54-1C1ABDD522BE}.Release|Any CPU.Build.0 = Release|Any CPU
	EndGlobalSection
	GlobalSection(SolutionProperties) = preSolution
		HideSolutionNode = FALSE
	EndGlobalSection
	GlobalSection(ExtensibilityGlobals) = postSolution
		SolutionGuid = {0C1AA818-5C75-4EB2-93A0-4370F11F50A5}
	EndGlobalSection
EndGlobal
